
Microsoft Visual Studio Solution File, Format Version 12.00
# Visual Studio 15
VisualStudioVersion = 15.0.27130.2036
MinimumVisualStudioVersion = 10.0.40219.1
Project("{9A19103F-16F7-4668-BE54-9A1E7A4F7556}") = "Progetto 1", "Progetto 1\Progetto 1.csproj", "{24B76B4A-3A93-4C61-9AFB-0717703D344D}"
EndProject
Global
	GlobalSection(SolutionConfigurationPlatforms) = preSolution
		Debug|Any CPU = Debug|Any CPU
		Release|Any CPU = Release|Any CPU
	EndGlobalSection
	GlobalSection(ProjectConfigurationPlatforms) = postSolution
		{24B76B4A-3A93-4C61-9AFB-0717703D344D}.Debug|Any CPU.ActiveCfg = Debug|Any CPU
		{24B76B4A-3A93-4C61-9AFB-0717703D344D}.Debug|Any CPU.Build.0 = Debug|Any CPU
		{24B76B4A-3A93-4C61-9AFB-0717703D344D}.Release|Any CPU.ActiveCfg = Release|Any CPU
		{24B76B4A-3A93-4C61-9AFB-0717703D344D}.Release|Any CPU.Build.0 = Release|Any CPU
	EndGlobalSection
	GlobalSection(SolutionProperties) = preSolution
		HideSolutionNode = FALSE
	EndGlobalSection
	GlobalSection(ExtensibilityGlobals) = postSolution
		SolutionGuid = {A4128480-8967-43D8-907C-18D0891DEE75}
	EndGlobalSection
EndGlobal
